
Microsoft Visual Studio Solution File, Format Version 12.00
# Visual Studio Version 16
VisualStudioVersion = 16.0.29324.140
MinimumVisualStudioVersion = 10.0.40219.1
Project("{FAE04EC0-301F-11D3-BF4B-00C04F79EFBC}") = "explorerls", "explorerls.csproj", "{61B2DBA5-FC6F-4846-9BD0-0DBE4F77E31F}"
EndProject
Global
	GlobalSection(SolutionConfigurationPlatforms) = preSolution
		Debug|Any CPU = Debug|Any CPU
		Release|Any CPU = Release|Any CPU
	EndGlobalSection
	GlobalSection(ProjectConfigurationPlatforms) = postSolution
		{61B2DBA5-FC6F-4846-9BD0-0DBE4F77E31F}.Debug|Any CPU.ActiveCfg = Debug|Any CPU
		{61B2DBA5-FC6F-4846-9BD0-0DBE4F77E31F}.Debug|Any CPU.Build.0 = Debug|Any CPU
		{61B2DBA5-FC6F-4846-9BD0-0DBE4F77E31F}.Release|Any CPU.ActiveCfg = Release|Any CPU
		{61B2DBA5-FC6F-4846-9BD0-0DBE4F77E31F}.Release|Any CPU.Build.0 = Release|Any CPU
	EndGlobalSection
	GlobalSection(SolutionProperties) = preSolution
		HideSolutionNode = FALSE
	EndGlobalSection
	GlobalSection(ExtensibilityGlobals) = postSolution
		SolutionGuid = {F502EB3B-615D-49C7-ADD1-A51CB210C47D}
	EndGlobalSection
EndGlobal
